// !$*UTF8*$!
{
	archiveVersion = 1;
	classes = {
	};
	objectVersion = 50;
	objects = {

/* Begin PBXBuildFile section */
		07E606CE22923F31004FEAB9 /* AppDelegate.m in Sources */ = {isa = PBXBuildFile; fileRef = 07E606CD22923F31004FEAB9 /* AppDelegate.m */; };
		07E606D122923F31004FEAB9 /* ViewController.m in Sources */ = {isa = PBXBuildFile; fileRef = 07E606D022923F31004FEAB9 /* ViewController.m */; };
		07E606D422923F31004FEAB9 /* Main.storyboard in Resources */ = {isa = PBXBuildFile; fileRef = 07E606D222923F31004FEAB9 /* Main.storyboard */; };
		07E606D622923F37004FEAB9 /* Assets.xcassets in Resources */ = {isa = PBXBuildFile; fileRef = 07E606D522923F37004FEAB9 /* Assets.xcassets */; };
		07E606D922923F37004FEAB9 /* LaunchScreen.storyboard in Resources */ = {isa = PBXBuildFile; fileRef = 07E606D722923F37004FEAB9 /* LaunchScreen.storyboard */; };
		07E606DC22923F37004FEAB9 /* main.m in Sources */ = {isa = PBXBuildFile; fileRef = 07E606DB22923F37004FEAB9 /* main.m */; };
		07E606E622923F38004FEAB9 /* ZJSPageControlDemoTests.m in Sources */ = {isa = PBXBuildFile; fileRef = 07E606E522923F38004FEAB9 /* ZJSPageControlDemoTests.m */; };
		07E606F122923F38004FEAB9 /* ZJSPageControlDemoUITests.m in Sources */ = {isa = PBXBuildFile; fileRef = 07E606F022923F38004FEAB9 /* ZJSPageControlDemoUITests.m */; };
		07E6070F2292B460004FEAB9 /* ZJSBarPageControl.m in Sources */ = {isa = PBXBuildFile; fileRef = 07E6070E2292B460004FEAB9 /* ZJSBarPageControl.m */; };
/* End PBXBuildFile section */

/* Begin PBXContainerItemProxy section */
		07E606E222923F38004FEAB9 /* PBXContainerItemProxy */ = {
			isa = PBXContainerItemProxy;
			containerPortal = 07E606C122923F31004FEAB9 /* Project object */;
			proxyType = 1;
			remoteGlobalIDString = 07E606C822923F31004FEAB9;
			remoteInfo = ZJSPageControlDemo;
		};
		07E606ED22923F38004FEAB9 /* PBXContainerItemProxy */ = {
			isa = PBXContainerItemProxy;
			containerPortal = 07E606C122923F31004FEAB9 /* Project object */;
			proxyType = 1;
			remoteGlobalIDString = 07E606C822923F31004FEAB9;
			remoteInfo = ZJSPageControlDemo;
		};
/* End PBXContainerItemProxy section */

/* Begin PBXFileReference section */
		07E606C922923F31004FEAB9 /* ZJSPageControlDemo.app */ = {isa = PBXFileReference; explicitFileType = wrapper.application; includeInIndex = 0; path = ZJSPageControlDemo.app; sourceTree = BUILT_PRODUCTS_DIR; };
		07E606CC22923F31004FEAB9 /* AppDelegate.h */ = {isa = PBXFileReference; lastKnownFileType = sourcecode.c.h; path = AppDelegate.h; sourceTree = "<group>"; };
		07E606CD22923F31004FEAB9 /* AppDelegate.m */ = {isa = PBXFileReference; lastKnownFileType = sourcecode.c.objc; path = AppDelegate.m; sourceTree = "<group>"; };
		07E606CF22923F31004FEAB9 /* ViewController.h */ = {isa = PBXFileReference; lastKnownFileType = sourcecode.c.h; path = ViewController.h; sourceTree = "<group>"; };
		07E606D022923F31004FEAB9 /* ViewController.m */ = {isa = PBXFileReference; lastKnownFileType = sourcecode.c.objc; path = ViewController.m; sourceTree = "<group>"; };
		07E606D322923F31004FEAB9 /* Base */ = {isa = PBXFileReference; lastKnownFileType = file.storyboard; name = Base; path = Base.lproj/Main.storyboard; sourceTree = "<group>"; };
		07E606D522923F37004FEAB9 /* Assets.xcassets */ = {isa = PBXFileReference; lastKnownFileType = folder.assetcatalog; path = Assets.xcassets; sourceTree = "<group>"; };
		07E606D822923F37004FEAB9 /* Base */ = {isa = PBXFileReference; lastKnownFileType = file.storyboard; name = Base; path = Base.lproj/LaunchScreen.storyboard; sourceTree = "<group>"; };
		07E606DA22923F37004FEAB9 /* Info.plist */ = {isa = PBXFileReference; lastKnownFileType = text.plist.xml; path = Info.plist; sourceTree = "<group>"; };
		07E606DB22923F37004FEAB9 /* main.m */ = {isa = PBXFileReference; lastKnownFileType = sourcecode.c.objc; path = main.m; sourceTree = "<group>"; };
		07E606E122923F38004FEAB9 /* ZJSPageControlDemoTests.xctest */ = {isa = PBXFileReference; explicitFileType = wrapper.cfbundle; includeInIndex = 0; path = ZJSPageControlDemoTests.xctest; sourceTree = BUILT_PRODUCTS_DIR; };
		07E606E522923F38004FEAB9 /* ZJSPageControlDemoTests.m */ = {isa = PBXFileReference; lastKnownFileType = sourcecode.c.objc; path = ZJSPageControlDemoTests.m; sourceTree = "<group>"; };
		07E606E722923F38004FEAB9 /* Info.plist */ = {isa = PBXFileReference; lastKnownFileType = text.plist.xml; path = Info.plist; sourceTree = "<group>"; };
		07E606EC22923F38004FEAB9 /* ZJSPageControlDemoUITests.xctest */ = {isa = PBXFileReference; explicitFileType = wrapper.cfbundle; includeInIndex = 0; path = ZJSPageControlDemoUITests.xctest; sourceTree = BUILT_PRODUCTS_DIR; };
		07E606F022923F38004FEAB9 /* ZJSPageControlDemoUITests.m */ = {isa = PBXFileReference; lastKnownFileType = sourcecode.c.objc; path = ZJSPageControlDemoUITests.m; sourceTree = "<group>"; };
		07E606F222923F38004FEAB9 /* Info.plist */ = {isa = PBXFileReference; lastKnownFileType = text.plist.xml; path = Info.plist; sourceTree = "<group>"; };
		07E6070D2292B45F004FEAB9 /* ZJSBarPageControl.h */ = {isa = PBXFileReference; fileEncoding = 4; lastKnownFileType = sourcecode.c.h; path = ZJSBarPageControl.h; sourceTree = "<group>"; };
		07E6070E2292B460004FEAB9 /* ZJSBarPageControl.m */ = {isa = PBXFileReference; fileEncoding = 4; lastKnownFileType = sourcecode.c.objc; path = ZJSBarPageControl.m; sourceTree = "<group>"; };
/* End PBXFileReference section */

/* Begin PBXFrameworksBuildPhase section */
		07E606C622923F31004FEAB9 /* Frameworks */ = {
			isa = PBXFrameworksBuildPhase;
			buildActionMask = 2147483647;
			files = (
			);
			runOnlyForDeploymentPostprocessing = 0;
		};
		07E606DE22923F38004FEAB9 /* Frameworks */ = {
			isa = PBXFrameworksBuildPhase;
			buildActionMask = 2147483647;
			files = (
			);
			runOnlyForDeploymentPostprocessing = 0;
		};
		07E606E922923F38004FEAB9 /* Frameworks */ = {
			isa = PBXFrameworksBuildPhase;
			buildActionMask = 2147483647;
			files = (
			);
			runOnlyForDeploymentPostprocessing = 0;
		};
/* End PBXFrameworksBuildPhase section */

/* Begin PBXGroup section */
		07E606C022923F31004FEAB9 = {
			isa = PBXGroup;
			children = (
				07E606CB22923F31004FEAB9 /* ZJSPageControlDemo */,
				07E606E422923F38004FEAB9 /* ZJSPageControlDemoTests */,
				07E606EF22923F38004FEAB9 /* ZJSPageControlDemoUITests */,
				07E606CA22923F31004FEAB9 /* Products */,
			);
			sourceTree = "<group>";
		};
		07E606CA22923F31004FEAB9 /* Products */ = {
			isa = PBXGroup;
			children = (
				07E606C922923F31004FEAB9 /* ZJSPageControlDemo.app */,
				07E606E122923F38004FEAB9 /* ZJSPageControlDemoTests.xctest */,
				07E606EC22923F38004FEAB9 /* ZJSPageControlDemoUITests.xctest */,
			);
			name = Products;
			sourceTree = "<group>";
		};
		07E606CB22923F31004FEAB9 /* ZJSPageControlDemo */ = {
			isa = PBXGroup;
			children = (
				07E606FE22923F41004FEAB9 /* PageControl */,
				07E606CC22923F31004FEAB9 /* AppDelegate.h */,
				07E606CD22923F31004FEAB9 /* AppDelegate.m */,
				07E606CF22923F31004FEAB9 /* ViewController.h */,
				07E606D022923F31004FEAB9 /* ViewController.m */,
				07E606D222923F31004FEAB9 /* Main.storyboard */,
				07E606D522923F37004FEAB9 /* Assets.xcassets */,
				07E606D722923F37004FEAB9 /* LaunchScreen.storyboard */,
				07E606DA22923F37004FEAB9 /* Info.plist */,
				07E606DB22923F37004FEAB9 /* main.m */,
			);
			path = ZJSPageControlDemo;
			sourceTree = "<group>";
		};
		07E606E422923F38004FEAB9 /* ZJSPageControlDemoTests */ = {
			isa = PBXGroup;
			children = (
				07E606E522923F38004FEAB9 /* ZJSPageControlDemoTests.m */,
				07E606E722923F38004FEAB9 /* Info.plist */,
			);
			path = ZJSPageControlDemoTests;
			sourceTree = "<group>";
		};
		07E606EF22923F38004FEAB9 /* ZJSPageControlDemoUITests */ = {
			isa = PBXGroup;
			children = (
				07E606F022923F38004FEAB9 /* ZJSPageControlDemoUITests.m */,
				07E606F222923F38004FEAB9 /* Info.plist */,
			);
			path = ZJSPageControlDemoUITests;
			sourceTree = "<group>";
		};
		07E606FE22923F41004FEAB9 /* PageControl */ = {
			isa = PBXGroup;
			children = (
				07E6070D2292B45F004FEAB9 /* ZJSBarPageControl.h */,
				07E6070E2292B460004FEAB9 /* ZJSBarPageControl.m */,
			);
			path = PageControl;
			sourceTree = "<group>";
		};
/* End PBXGroup section */

/* Begin PBXNativeTarget section */
		07E606C822923F31004FEAB9 /* ZJSPageControlDemo */ = {
			isa = PBXNativeTarget;
			buildConfigurationList = 07E606F522923F38004FEAB9 /* Build configuration list for PBXNativeTarget "ZJSPageControlDemo" */;
			buildPhases = (
				07E606C522923F31004FEAB9 /* Sources */,
				07E606C622923F31004FEAB9 /* Frameworks */,
				07E606C722923F31004FEAB9 /* Resources */,
			);
			buildRules = (
			);
			dependencies = (
			);
			name = ZJSPageControlDemo;
			productName = ZJSPageControlDemo;
			productReference = 07E606C922923F31004FEAB9 /* ZJSPageControlDemo.app */;
			productType = "com.apple.product-type.application";
		};
		07E606E022923F38004FEAB9 /* ZJSPageControlDemoTests */ = {
			isa = PBXNativeTarget;
			buildConfigurationList = 07E606F822923F38004FEAB9 /* Build configuration list for PBXNativeTarget "ZJSPageControlDemoTests" */;
			buildPhases = (
				07E606DD22923F38004FEAB9 /* Sources */,
				07E606DE22923F38004FEAB9 /* Frameworks */,
				07E606DF22923F38004FEAB9 /* Resources */,
			);
			buildRules = (
			);
			dependencies = (
				07E606E322923F38004FEAB9 /* PBXTargetDependency */,
			);
			name = ZJSPageControlDemoTests;
			productName = ZJSPageControlDemoTests;
			productReference = 07E606E122923F38004FEAB9 /* ZJSPageControlDemoTests.xctest */;
			productType = "com.apple.product-type.bundle.unit-test";
		};
		07E606EB22923F38004FEAB9 /* ZJSPageControlDemoUITests */ = {
			isa = PBXNativeTarget;
			buildConfigurationList = 07E606FB22923F38004FEAB9 /* Build configuration list for PBXNativeTarget "ZJSPageControlDemoUITests" */;
			buildPhases = (
				07E606E822923F38004FEAB9 /* Sources */,
				07E606E922923F38004FEAB9 /* Frameworks */,
				07E606EA22923F38004FEAB9 /* Resources */,
			);
			buildRules = (
			);
			dependencies = (
				07E606EE22923F38004FEAB9 /* PBXTargetDependency */,
			);
			name = ZJSPageControlDemoUITests;
			productName = ZJSPageControlDemoUITests;
			productReference = 07E606EC22923F38004FEAB9 /* ZJSPageControlDemoUITests.xctest */;
			productType = "com.apple.product-type.bundle.ui-testing";
		};
/* End PBXNativeTarget section */

/* Begin PBXProject section */
		07E606C122923F31004FEAB9 /* Project object */ = {
			isa = PBXProject;
			attributes = {
				LastUpgradeCheck = 1020;
				ORGANIZATIONNAME = "周建顺";
				TargetAttributes = {
					07E606C822923F31004FEAB9 = {
						CreatedOnToolsVersion = 10.2.1;
					};
					07E606E022923F38004FEAB9 = {
						CreatedOnToolsVersion = 10.2.1;
						TestTargetID = 07E606C822923F31004FEAB9;
					};
					07E606EB22923F38004FEAB9 = {
						CreatedOnToolsVersion = 10.2.1;
						TestTargetID = 07E606C822923F31004FEAB9;
					};
				};
			};
			buildConfigurationList = 07E606C422923F31004FEAB9 /* Build configuration list for PBXProject "ZJSPageControlDemo" */;
			compatibilityVersion = "Xcode 9.3";
			developmentRegion = en;
			hasScannedForEncodings = 0;
			knownRegions = (
				en,
				Base,
			);
			mainGroup = 07E606C022923F31004FEAB9;
			productRefGroup = 07E606CA22923F31004FEAB9 /* Products */;
			projectDirPath = "";
			projectRoot = "";
			targets = (
				07E606C822923F31004FEAB9 /* ZJSPageControlDemo */,
				07E606E022923F38004FEAB9 /* ZJSPageControlDemoTests */,
				07E606EB22923F38004FEAB9 /* ZJSPageControlDemoUITests */,
			);
		};
/* End PBXProject section */

/* Begin PBXResourcesBuildPhase section */
		07E606C722923F31004FEAB9 /* Resources */ = {
			isa = PBXResourcesBuildPhase;
			buildActionMask = 2147483647;
			files = (
				07E606D922923F37004FEAB9 /* LaunchScreen.storyboard in Resources */,
				07E606D622923F37004FEAB9 /* Assets.xcassets in Resources */,
				07E606D422923F31004FEAB9 /* Main.storyboard in Resources */,
			);
			runOnlyForDeploymentPostprocessing = 0;
		};
		07E606DF22923F38004FEAB9 /* Resources */ = {
			isa = PBXResourcesBuildPhase;
			buildActionMask = 2147483647;
			files = (
			);
			runOnlyForDeploymentPostprocessing = 0;
		};
		07E606EA22923F38004FEAB9 /* Resources */ = {
			isa = PBXResourcesBuildPhase;
			buildActionMask = 2147483647;
			files = (
			);
			runOnlyForDeploymentPostprocessing = 0;
		};
/* End PBXResourcesBuildPhase section */

/* Begin PBXSourcesBuildPhase section */
		07E606C522923F31004FEAB9 /* Sources */ = {
			isa = PBXSourcesBuildPhase;
			buildActionMask = 2147483647;
			files = (
				07E6070F2292B460004FEAB9 /* ZJSBarPageControl.m in Sources */,
				07E606D122923F31004FEAB9 /* ViewController.m in Sources */,
				07E606DC22923F37004FEAB9 /* main.m in Sources */,
				07E606CE22923F31004FEAB9 /* AppDelegate.m in Sources */,
			);
			runOnlyForDeploymentPostprocessing = 0;
		};
		07E606DD22923F38004FEAB9 /* Sources */ = {
			isa = PBXSourcesBuildPhase;
			buildActionMask = 2147483647;
			files = (
				07E606E622923F38004FEAB9 /* ZJSPageControlDemoTests.m in Sources */,
			);
			runOnlyForDeploymentPostprocessing = 0;
		};
		07E606E822923F38004FEAB9 /* Sources */ = {
			isa = PBXSourcesBuildPhase;
			buildActionMask = 2147483647;
			files = (
				07E606F122923F38004FEAB9 /* ZJSPageControlDemoUITests.m in Sources */,
			);
			runOnlyForDeploymentPostprocessing = 0;
		};
/* End PBXSourcesBuildPhase section */

/* Begin PBXTargetDependency section */
		07E606E322923F38004FEAB9 /* PBXTargetDependency */ = {
			isa = PBXTargetDependency;
			target = 07E606C822923F31004FEAB9 /* ZJSPageControlDemo */;
			targetProxy = 07E606E222923F38004FEAB9 /* PBXContainerItemProxy */;
		};
		07E606EE22923F38004FEAB9 /* PBXTargetDependency */ = {
			isa = PBXTargetDependency;
			target = 07E606C822923F31004FEAB9 /* ZJSPageControlDemo */;
			targetProxy = 07E606ED22923F38004FEAB9 /* PBXContainerItemProxy */;
		};
/* End PBXTargetDependency section */

/* Begin PBXVariantGroup section */
		07E606D222923F31004FEAB9 /* Main.storyboard */ = {
			isa = PBXVariantGroup;
			children = (
				07E606D322923F31004FEAB9 /* Base */,
			);
			name = Main.storyboard;
			sourceTree = "<group>";
		};
		07E606D722923F37004FEAB9 /* LaunchScreen.storyboard */ = {
			isa = PBXVariantGroup;
			children = (
				07E606D822923F37004FEAB9 /* Base */,
			);
			name = LaunchScreen.storyboard;
			sourceTree = "<group>";
		};
/* End PBXVariantGroup section */

/* Begin XCBuildConfiguration section */
		07E606F322923F38004FEAB9 /* Debug */ = {
			isa = XCBuildConfiguration;
			buildSettings = {
				ALWAYS_SEARCH_USER_PATHS = NO;
				CLANG_ANALYZER_NONNULL = YES;
				CLANG_ANALYZER_NUMBER_OBJECT_CONVERSION = YES_AGGRESSIVE;
				CLANG_CXX_LANGUAGE_STANDARD = "gnu++14";
				CLANG_CXX_LIBRARY = "libc++";
				CLANG_ENABLE_MODULES = YES;
				CLANG_ENABLE_OBJC_ARC = YES;
				CLANG_ENABLE_OBJC_WEAK = YES;
				CLANG_WARN_BLOCK_CAPTURE_AUTORELEASING = YES;
				CLANG_WARN_BOOL_CONVERSION = YES;
				CLANG_WARN_COMMA = YES;
				CLANG_WARN_CONSTANT_CONVERSION = YES;
				CLANG_WARN_DEPRECATED_OBJC_IMPLEMENTATIONS = YES;
				CLANG_WARN_DIRECT_OBJC_ISA_USAGE = YES_ERROR;
				CLANG_WARN_DOCUMENTATION_COMMENTS = YES;
				CLANG_WARN_EMPTY_BODY = YES;
				CLANG_WARN_ENUM_CONVERSION = YES;
				CLANG_WARN_INFINITE_RECURSION = YES;
				CLANG_WARN_INT_CONVERSION = YES;
				CLANG_WARN_NON_LITERAL_NULL_CONVERSION = YES;
				CLANG_WARN_OBJC_IMPLICIT_RETAIN_SELF = YES;
				CLANG_WARN_OBJC_LITERAL_CONVERSION = YES;
				CLANG_WARN_OBJC_ROOT_CLASS = YES_ERROR;
				CLANG_WARN_RANGE_LOOP_ANALYSIS = YES;
				CLANG_WARN_STRICT_PROTOTYPES = YES;
				CLANG_WARN_SUSPICIOUS_MOVE = YES;
				CLANG_WARN_UNGUARDED_AVAILABILITY = YES_AGGRESSIVE;
				CLANG_WARN_UNREACHABLE_CODE = YES;
				CLANG_WARN__DUPLICATE_METHOD_MATCH = YES;
				CODE_SIGN_IDENTITY = "iPhone Developer";
				COPY_PHASE_STRIP = NO;
				DEBUG_INFORMATION_FORMAT = dwarf;
				ENABLE_STRICT_OBJC_MSGSEND = YES;
				ENABLE_TESTABILITY = YES;
				GCC_C_LANGUAGE_STANDARD = gnu11;
				GCC_DYNAMIC_NO_PIC = NO;
				GCC_NO_COMMON_BLOCKS = YES;
				GCC_OPTIMIZATION_LEVEL = 0;
				GCC_PREPROCESSOR_DEFINITIONS = (
					"DEBUG=1",
					"$(inherited)",
				);
				GCC_WARN_64_TO_32_BIT_CONVERSION = YES;
				GCC_WARN_ABOUT_RETURN_TYPE = YES_ERROR;
				GCC_WARN_UNDECLARED_SELECTOR = YES;
				GCC_WARN_UNINITIALIZED_AUTOS = YES_AGGRESSIVE;
				GCC_WARN_UNUSED_FUNCTION = YES;
				GCC_WARN_UNUSED_VARIABLE = YES;
				IPHONEOS_DEPLOYMENT_TARGET = 12.2;
				MTL_ENABLE_DEBUG_INFO = INCLUDE_SOURCE;
				MTL_FAST_MATH = YES;
				ONLY_ACTIVE_ARCH = YES;
				SDKROOT = iphoneos;
			};
			name = Debug;
		};
		07E606F422923F38004FEAB9 /* Release */ = {
			isa = XCBuildConfiguration;
			buildSettings = {
				ALWAYS_SEARCH_USER_PATHS = NO;
				CLANG_ANALYZER_NONNULL = YES;
				CLANG_ANALYZER_NUMBER_OBJECT_CONVERSION = YES_AGGRESSIVE;
				CLANG_CXX_LANGUAGE_STANDARD = "gnu++14";
				CLANG_CXX_LIBRARY = "libc++";
				CLANG_ENABLE_MODULES = YES;
				CLANG_ENABLE_OBJC_ARC = YES;
				CLANG_ENABLE_OBJC_WEAK = YES;
				CLANG_WARN_BLOCK_CAPTURE_AUTORELEASING = YES;
				CLANG_WARN_BOOL_CONVERSION = YES;
				CLANG_WARN_COMMA = YES;
				CLANG_WARN_CONSTANT_CONVERSION = YES;
				CLANG_WARN_DEPRECATED_OBJC_IMPLEMENTATIONS = YES;
				CLANG_WARN_DIRECT_OBJC_ISA_USAGE = YES_ERROR;
				CLANG_WARN_DOCUMENTATION_COMMENTS = YES;
				CLANG_WARN_EMPTY_BODY = YES;
				CLANG_WARN_ENUM_CONVERSION = YES;
				CLANG_WARN_INFINITE_RECURSION = YES;
				CLANG_WARN_INT_CONVERSION = YES;
				CLANG_WARN_NON_LITERAL_NULL_CONVERSION = YES;
				CLANG_WARN_OBJC_IMPLICIT_RETAIN_SELF = YES;
				CLANG_WARN_OBJC_LITERAL_CONVERSION = YES;
				CLANG_WARN_OBJC_ROOT_CLASS = YES_ERROR;
				CLANG_WARN_RANGE_LOOP_ANALYSIS = YES;
				CLANG_WARN_STRICT_PROTOTYPES = YES;
				CLANG_WARN_SUSPICIOUS_MOVE = YES;
				CLANG_WARN_UNGUARDED_AVAILABILITY = YES_AGGRESSIVE;
				CLANG_WARN_UNREACHABLE_CODE = YES;
				CLANG_WARN__DUPLICATE_METHOD_MATCH = YES;
				CODE_SIGN_IDENTITY = "iPhone Developer";
				COPY_PHASE_STRIP = NO;
				DEBUG_INFORMATION_FORMAT = "dwarf-with-dsym";
				ENABLE_NS_ASSERTIONS = NO;
				ENABLE_STRICT_OBJC_MSGSEND = YES;
				GCC_C_LANGUAGE_STANDARD = gnu11;
				GCC_NO_COMMON_BLOCKS = YES;
				GCC_WARN_64_TO_32_BIT_CONVERSION = YES;
				GCC_WARN_ABOUT_RETURN_TYPE = YES_ERROR;
				GCC_WARN_UNDECLARED_SELECTOR = YES;
				GCC_WARN_UNINITIALIZED_AUTOS = YES_AGGRESSIVE;
				GCC_WARN_UNUSED_FUNCTION = YES;
				GCC_WARN_UNUSED_VARIABLE = YES;
				IPHONEOS_DEPLOYMENT_TARGET = 12.2;
				MTL_ENABLE_DEBUG_INFO = NO;
				MTL_FAST_MATH = YES;
				SDKROOT = iphoneos;
				VALIDATE_PRODUCT = YES;
			};
			name = Release;
		};
		07E606F622923F38004FEAB9 /* Debug */ = {
			isa = XCBuildConfiguration;
			buildSettings = {
				ASSETCATALOG_COMPILER_APPICON_NAME = AppIcon;
				CODE_SIGN_STYLE = Automatic;
				DEVELOPMENT_TEAM = 464ZQ9B27B;
				INFOPLIST_FILE = ZJSPageControlDemo/Info.plist;
				LD_RUNPATH_SEARCH_PATHS = (
					"$(inherited)",
					"@executable_path/Frameworks",
				);
				PRODUCT_BUNDLE_IDENTIFIER = com.rippleinfo.ZJSPageControlDemo;
				PRODUCT_NAME = "$(TARGET_NAME)";
				TARGETED_DEVICE_FAMILY = "1,2";
			};
			name = Debug;
		};
		07E606F722923F38004FEAB9 /* Release */ = {
			isa = XCBuildConfiguration;
			buildSettings = {
				ASSETCATALOG_COMPILER_APPICON_NAME = AppIcon;
				CODE_SIGN_STYLE = Automatic;
				DEVELOPMENT_TEAM = 464ZQ9B27B;
				INFOPLIST_FILE = ZJSPageControlDemo/Info.plist;
				LD_RUNPATH_SEARCH_PATHS = (
					"$(inherited)",
					"@executable_path/Frameworks",
				);
				PRODUCT_BUNDLE_IDENTIFIER = com.rippleinfo.ZJSPageControlDemo;
				PRODUCT_NAME = "$(TARGET_NAME)";
				TARGETED_DEVICE_FAMILY = "1,2";
			};
			name = Release;
		};
		07E606F922923F38004FEAB9 /* Debug */ = {
			isa = XCBuildConfiguration;
			buildSettings = {
				BUNDLE_LOADER = "$(TEST_HOST)";
				CODE_SIGN_STYLE = Automatic;
				DEVELOPMENT_TEAM = 464ZQ9B27B;
				INFOPLIST_FILE = ZJSPageControlDemoTests/Info.plist;
				LD_RUNPATH_SEARCH_PATHS = (
					"$(inherited)",
					"@executable_path/Frameworks",
					"@loader_path/Frameworks",
				);
				PRODUCT_BUNDLE_IDENTIFIER = com.rippleinfo.ZJSPageControlDemoTests;
				PRODUCT_NAME = "$(TARGET_NAME)";
				TARGETED_DEVICE_FAMILY = "1,2";
				TEST_HOST = "$(BUILT_PRODUCTS_DIR)/ZJSPageControlDemo.app/ZJSPageControlDemo";
			};
			name = Debug;
		};
		07E606FA22923F38004FEAB9 /* Release */ = {
			isa = XCBuildConfiguration;
			buildSettings = {
				BUNDLE_LOADER = "$(TEST_HOST)";
				CODE_SIGN_STYLE = Automatic;
				DEVELOPMENT_TEAM = 464ZQ9B27B;
				INFOPLIST_FILE = ZJSPageControlDemoTests/Info.plist;
				LD_RUNPATH_SEARCH_PATHS = (
					"$(inherited)",
					"@executable_path/Frameworks",
					"@loader_path/Frameworks",
				);
				PRODUCT_BUNDLE_IDENTIFIER = com.rippleinfo.ZJSPageControlDemoTests;
				PRODUCT_NAME = "$(TARGET_NAME)";
				TARGETED_DEVICE_FAMILY = "1,2";
				TEST_HOST = "$(BUILT_PRODUCTS_DIR)/ZJSPageControlDemo.app/ZJSPageControlDemo";
			};
			name = Release;
		};
		07E606FC22923F38004FEAB9 /* Debug */ = {
			isa = XCBuildConfiguration;
			buildSettings = {
				CODE_SIGN_STYLE = Automatic;
				DEVELOPMENT_TEAM = 464ZQ9B27B;
				INFOPLIST_FILE = ZJSPageControlDemoUITests/Info.plist;
				LD_RUNPATH_SEARCH_PATHS = (
					"$(inherited)",
					"@executable_path/Frameworks",
					"@loader_path/Frameworks",
				);
				PRODUCT_BUNDLE_IDENTIFIER = com.rippleinfo.ZJSPageControlDemoUITests;
				PRODUCT_NAME = "$(TARGET_NAME)";
				TARGETED_DEVICE_FAMILY = "1,2";
				TEST_TARGET_NAME = ZJSPageControlDemo;
			};
			name = Debug;
		};
		07E606FD22923F38004FEAB9 /* Release */ = {
			isa = XCBuildConfiguration;
			buildSettings = {
				CODE_SIGN_STYLE = Automatic;
				DEVELOPMENT_TEAM = 464ZQ9B27B;
				INFOPLIST_FILE = ZJSPageControlDemoUITests/Info.plist;
				LD_RUNPATH_SEARCH_PATHS = (
					"$(inherited)",
					"@executable_path/Frameworks",
					"@loader_path/Frameworks",
				);
				PRODUCT_BUNDLE_IDENTIFIER = com.rippleinfo.ZJSPageControlDemoUITests;
				PRODUCT_NAME = "$(TARGET_NAME)";
				TARGETED_DEVICE_FAMILY = "1,2";
				TEST_TARGET_NAME = ZJSPageControlDemo;
			};
			name = Release;
		};
/* End XCBuildConfiguration section */

/* Begin XCConfigurationList section */
		07E606C422923F31004FEAB9 /* Build configuration list for PBXProject "ZJSPageControlDemo" */ = {
			isa = XCConfigurationList;
			buildConfigurations = (
				07E606F322923F38004FEAB9 /* Debug */,
				07E606F422923F38004FEAB9 /* Release */,
			);
			defaultConfigurationIsVisible = 0;
			defaultConfigurationName = Release;
		};
		07E606F522923F38004FEAB9 /* Build configuration list for PBXNativeTarget "ZJSPageControlDemo" */ = {
			isa = XCConfigurationList;
			buildConfigurations = (
				07E606F622923F38004FEAB9 /* Debug */,
				07E606F722923F38004FEAB9 /* Release */,
			);
			defaultConfigurationIsVisible = 0;
			defaultConfigurationName = Release;
		};
		07E606F822923F38004FEAB9 /* Build configuration list for PBXNativeTarget "ZJSPageControlDemoTests" */ = {
			isa = XCConfigurationList;
			buildConfigurations = (
				07E606F922923F38004FEAB9 /* Debug */,
				07E606FA22923F38004FEAB9 /* Release */,
			);
			defaultConfigurationIsVisible = 0;
			defaultConfigurationName = Release;
		};
		07E606FB22923F38004FEAB9 /* Build configuration list for PBXNativeTarget "ZJSPageControlDemoUITests" */ = {
			isa = XCConfigurationList;
			buildConfigurations = (
				07E606FC22923F38004FEAB9 /* Debug */,
				07E606FD22923F38004FEAB9 /* Release */,
			);
			defaultConfigurationIsVisible = 0;
			defaultConfigurationName = Release;
		};
/* End XCConfigurationList section */
	};
	rootObject = 07E606C122923F31004FEAB9 /* Project object */;
}
